<?xml version="1.0" encoding="utf-8"?>
<Project ToolsVersion="4.0" xmlns="http://schemas.microsoft.com/developer/msbuild/2003">
  <ItemGroup>
    <Filter Include="Source Files">
      <UniqueIdentifier>{4FC737F1-C7A5-4376-A066-2A32D752A2FF}</UniqueIdentifier>
      <Extensions>cpp;c;cc;cxx;def;odl;idl;hpj;bat;asm;asmx</Extensions>
    </Filter>
    <Filter Include="Header Files">
      <UniqueIdentifier>{93995380-89BD-4b04-88EB-625FBE52EBFB}</UniqueIdentifier>
      <Extensions>h;hh;hpp;hxx;hm;inl;inc;xsd</Extensions>
    </Filter>
    <Filter Include="Resource Files">
      <UniqueIdentifier>{67DA6AB6-F800-4c08-8B7A-83BB121AAD01}</UniqueIdentifier>
      <Extensions>rc;ico;cur;bmp;dlg;rc2;rct;bin;rgs;gif;jpg;jpeg;jpe;resx;tiff;tif;png;wav;mfcribbon-ms</Extensions>
    </Filter>
  </ItemGroup>
  <ItemGroup>
    <ClInclude Include="configManager.h">
      <Filter>Header Files</Filter>
    </ClInclude>
    <ClInclude Include="factory.h">
      <Filter>Header Files</Filter>
    </ClInclude>
    <ClInclude Include="factoryRegister.h">
      <Filter>Header Files</Filter>
    </ClInclude>
    <ClInclude Include="forceEvaluatorFactory.h">
      <Filter>Header Files</Filter>
    </ClInclude>
    <ClInclude Include="iForceEvaluator.h">
      <Filter>Header Files</Filter>
    </ClInclude>
    <ClInclude Include="iIntegrationEvaluator.h">
      <Filter>Header Files</Filter>
    </ClInclude>
    <ClInclude Include="integrationEvaluatorFactory.h">
      <Filter>Header Files</Filter>
    </ClInclude>
    <ClInclude Include="iSimulationIterator.h">
      <Filter>Header Files</Filter>
    </ClInclude>
    <ClInclude Include="lennardJonesEvaluator.h">
      <Filter>Header Files</Filter>
    </ClInclude>
    <ClInclude Include="mdIterator.h">
      <Filter>Header Files</Filter>
    </ClInclude>
    <ClInclude Include="particleSystem.h">
      <Filter>Header Files</Filter>
    </ClInclude>
    <ClInclude Include="simulationIteratorFactory.h">
      <Filter>Header Files</Filter>
    </ClInclude>
    <ClInclude Include="simulationSpace.h">
      <Filter>Header Files</Filter>
    </ClInclude>
    <ClInclude Include="SimulatorFactory.h">
      <Filter>Header Files</Filter>
    </ClInclude>
    <ClInclude Include="velocityVerletIntegrator.h">
      <Filter>Header Files</Filter>
    </ClInclude>
    <ClInclude Include="visualiser.h">
      <Filter>Header Files</Filter>
    </ClInclude>
  </ItemGroup>
  <ItemGroup>
    <ClCompile Include="factory.cpp">
      <Filter>Source Files</Filter>
    </ClCompile>
    <ClCompile Include="factoryRegister.cpp">
      <Filter>Source Files</Filter>
    </ClCompile>
    <ClCompile Include="forceEvaluatorFactory.cpp">
      <Filter>Source Files</Filter>
    </ClCompile>
    <ClCompile Include="iForceEvaluator.cpp">
      <Filter>Source Files</Filter>
    </ClCompile>
    <ClCompile Include="iIntegrationEvaluator.cpp">
      <Filter>Source Files</Filter>
    </ClCompile>
    <ClCompile Include="integrationEvaluatorFactory.cpp">
      <Filter>Source Files</Filter>
    </ClCompile>
    <ClCompile Include="lennardJonesEvaluator.cpp">
      <Filter>Source Files</Filter>
    </ClCompile>
    <ClCompile Include="main.cpp">
      <Filter>Source Files</Filter>
    </ClCompile>
    <ClCompile Include="particleSystem.cpp">
      <Filter>Source Files</Filter>
    </ClCompile>
    <ClCompile Include="simulationIteratorFactory.cpp">
      <Filter>Source Files</Filter>
    </ClCompile>
    <ClCompile Include="simulationSpace.cpp">
      <Filter>Source Files</Filter>
    </ClCompile>
    <ClCompile Include="velocityVerletIntegrator.cpp">
      <Filter>Source Files</Filter>
    </ClCompile>
    <ClCompile Include="visualiser.cpp">
      <Filter>Source Files</Filter>
    </ClCompile>
    <ClCompile Include="configManager.cpp">
      <Filter>Source Files</Filter>
    </ClCompile>
    <ClCompile Include="iSimulationIterator.cpp">
      <Filter>Source Files</Filter>
    </ClCompile>
    <ClCompile Include="mdIterator.cpp">
      <Filter>Source Files</Filter>
    </ClCompile>
  </ItemGroup>
  <ItemGroup>
    <None Include="makefile" />
  </ItemGroup>
  <ItemGroup>
    <Text Include="notes.txt" />
  </ItemGroup>
</Project>